// !$*UTF8*$!
{
	archiveVersion = 1;
	classes = {
	};
	objectVersion = 51;
	objects = {

/* Begin PBXBuildFile section */
		4C0C7FBE22D696ED00E8DC5C /* card-29x29@3x.png in Resources */ = {isa = PBXBuildFile; fileRef = 4C0C7FBD22D696EC00E8DC5C /* card-29x29@3x.png */; };
		4C26977A22C99AF300E83643 /* RoutesViewController.swift in Sources */ = {isa = PBXBuildFile; fileRef = 4C26977922C99AF300E83643 /* RoutesViewController.swift */; };
		4C26977C22C99C8C00E83643 /* LoginViewController.swift in Sources */ = {isa = PBXBuildFile; fileRef = 4C26977B22C99C8C00E83643 /* LoginViewController.swift */; };
		4C26977E22C99C9700E83643 /* SignUpViewController.swift in Sources */ = {isa = PBXBuildFile; fileRef = 4C26977D22C99C9700E83643 /* SignUpViewController.swift */; };
		4C26978122C9B64A00E83643 /* Extension_String.swift in Sources */ = {isa = PBXBuildFile; fileRef = 4C26978022C9B64A00E83643 /* Extension_String.swift */; };
		4C26978322C9B69500E83643 /* Extension_Float.swift in Sources */ = {isa = PBXBuildFile; fileRef = 4C26978222C9B69500E83643 /* Extension_Float.swift */; };
		4C26978522C9BF5200E83643 /* AppIcon.xcassets in Resources */ = {isa = PBXBuildFile; fileRef = 4C26978422C9BF5200E83643 /* AppIcon.xcassets */; };
		4C26978722C9E8F900E83643 /* UserSingleton.swift in Sources */ = {isa = PBXBuildFile; fileRef = 4C26978622C9E8F900E83643 /* UserSingleton.swift */; };
		4C26978A22C9EAA300E83643 /* Users.swift in Sources */ = {isa = PBXBuildFile; fileRef = 4C26978922C9EAA300E83643 /* Users.swift */; };
		4C26978C22C9EAF800E83643 /* Admin.swift in Sources */ = {isa = PBXBuildFile; fileRef = 4C26978B22C9EAF800E83643 /* Admin.swift */; };
		4C26978E22C9EB2B00E83643 /* Riders.swift in Sources */ = {isa = PBXBuildFile; fileRef = 4C26978D22C9EB2B00E83643 /* Riders.swift */; };
		4C26979022C9EB3500E83643 /* Drivers.swift in Sources */ = {isa = PBXBuildFile; fileRef = 4C26978F22C9EB3500E83643 /* Drivers.swift */; };
		4C26979222C9F30300E83643 /* Routes.swift in Sources */ = {isa = PBXBuildFile; fileRef = 4C26979122C9F30300E83643 /* Routes.swift */; };
		4C26979422CA066600E83643 /* PostLoginFlow.storyboard in Resources */ = {isa = PBXBuildFile; fileRef = 4C26979322CA066600E83643 /* PostLoginFlow.storyboard */; };
		4C26979622CA087F00E83643 /* UserHomeViewController.swift in Sources */ = {isa = PBXBuildFile; fileRef = 4C26979522CA087F00E83643 /* UserHomeViewController.swift */; };
		4C27C3AE22CF4E23000753A2 /* GoogleService-Info.plist in Resources */ = {isa = PBXBuildFile; fileRef = 4C27C3AD22CF4E23000753A2 /* GoogleService-Info.plist */; };
		4C35F31A22C8751A0078460E /* AppDelegate.swift in Sources */ = {isa = PBXBuildFile; fileRef = 4C35F31922C8751A0078460E /* AppDelegate.swift */; };
		4C35F31F22C8751A0078460E /* Main.storyboard in Resources */ = {isa = PBXBuildFile; fileRef = 4C35F31D22C8751A0078460E /* Main.storyboard */; };
		4C35F32122C8751B0078460E /* Assets.xcassets in Resources */ = {isa = PBXBuildFile; fileRef = 4C35F32022C8751B0078460E /* Assets.xcassets */; };
		4C35F32422C8751B0078460E /* LaunchScreen.storyboard in Resources */ = {isa = PBXBuildFile; fileRef = 4C35F32222C8751B0078460E /* LaunchScreen.storyboard */; };
		4C69707222D5BF4D00964A29 /* Extension_GifSwift.swift in Sources */ = {isa = PBXBuildFile; fileRef = 4C69707122D5BF4D00964A29 /* Extension_GifSwift.swift */; };
		4C69707422D5C00E00964A29 /* stars.gif in Resources */ = {isa = PBXBuildFile; fileRef = 4C69707322D5C00D00964A29 /* stars.gif */; };
		4C69707A22D5C11B00964A29 /* strom.gif in Resources */ = {isa = PBXBuildFile; fileRef = 4C69707522D5C11A00964A29 /* strom.gif */; };
		4C69707B22D5C11B00964A29 /* aurora.gif in Resources */ = {isa = PBXBuildFile; fileRef = 4C69707622D5C11A00964A29 /* aurora.gif */; };
		4C69707C22D5C11B00964A29 /* spacerocks.gif in Resources */ = {isa = PBXBuildFile; fileRef = 4C69707722D5C11A00964A29 /* spacerocks.gif */; };
		4C69707D22D5C11B00964A29 /* car.gif in Resources */ = {isa = PBXBuildFile; fileRef = 4C69707822D5C11A00964A29 /* car.gif */; };
		4C69707E22D5C11B00964A29 /* snowman.gif in Resources */ = {isa = PBXBuildFile; fileRef = 4C69707922D5C11B00964A29 /* snowman.gif */; };
		4C69708122D5EC9D00964A29 /* AdminPostLoginFlow.storyboard in Resources */ = {isa = PBXBuildFile; fileRef = 4C69708022D5EC9D00964A29 /* AdminPostLoginFlow.storyboard */; };
		4C69708322D5ECB500964A29 /* AdminHomeViewController.swift in Sources */ = {isa = PBXBuildFile; fileRef = 4C69708222D5ECB500964A29 /* AdminHomeViewController.swift */; };
		4C69708522D6084E00964A29 /* AdminRoutesViewController.swift in Sources */ = {isa = PBXBuildFile; fileRef = 4C69708422D6084E00964A29 /* AdminRoutesViewController.swift */; };
		4C69708722D6085D00964A29 /* AdminDriversViewController.swift in Sources */ = {isa = PBXBuildFile; fileRef = 4C69708622D6085D00964A29 /* AdminDriversViewController.swift */; };
		4C69709622D6149D00964A29 /* drivers-29x29@3x.png in Resources */ = {isa = PBXBuildFile; fileRef = 4C69709522D6149D00964A29 /* drivers-29x29@3x.png */; };
		4C69709822D614E200964A29 /* profile-29x29@3x.png in Resources */ = {isa = PBXBuildFile; fileRef = 4C69709722D614E200964A29 /* profile-29x29@3x.png */; };
		4C69709C22D6166300964A29 /* route-29x29@3x.png in Resources */ = {isa = PBXBuildFile; fileRef = 4C69709B22D6166200964A29 /* route-29x29@3x.png */; };
		EC885AB0C7B1A4E41666FB4F /* Pods_cityTransitSystemiOS.framework in Frameworks */ = {isa = PBXBuildFile; fileRef = EE35C8BC0DE389D4A3710C9D /* Pods_cityTransitSystemiOS.framework */; };
/* End PBXBuildFile section */

/* Begin PBXFileReference section */
		4C0C7FBD22D696EC00E8DC5C /* card-29x29@3x.png */ = {isa = PBXFileReference; lastKnownFileType = image.png; path = "card-29x29@3x.png"; sourceTree = "<group>"; };
		4C26977922C99AF300E83643 /* RoutesViewController.swift */ = {isa = PBXFileReference; lastKnownFileType = sourcecode.swift; path = RoutesViewController.swift; sourceTree = "<group>"; };
		4C26977B22C99C8C00E83643 /* LoginViewController.swift */ = {isa = PBXFileReference; lastKnownFileType = sourcecode.swift; path = LoginViewController.swift; sourceTree = "<group>"; };
		4C26977D22C99C9700E83643 /* SignUpViewController.swift */ = {isa = PBXFileReference; lastKnownFileType = sourcecode.swift; path = SignUpViewController.swift; sourceTree = "<group>"; };
		4C26978022C9B64A00E83643 /* Extension_String.swift */ = {isa = PBXFileReference; lastKnownFileType = sourcecode.swift; path = Extension_String.swift; sourceTree = "<group>"; };
		4C26978222C9B69500E83643 /* Extension_Float.swift */ = {isa = PBXFileReference; lastKnownFileType = sourcecode.swift; path = Extension_Float.swift; sourceTree = "<group>"; };
		4C26978422C9BF5200E83643 /* AppIcon.xcassets */ = {isa = PBXFileReference; lastKnownFileType = folder.assetcatalog; path = AppIcon.xcassets; sourceTree = "<group>"; };
		4C26978622C9E8F900E83643 /* UserSingleton.swift */ = {isa = PBXFileReference; lastKnownFileType = sourcecode.swift; path = UserSingleton.swift; sourceTree = "<group>"; };
		4C26978922C9EAA300E83643 /* Users.swift */ = {isa = PBXFileReference; lastKnownFileType = sourcecode.swift; path = Users.swift; sourceTree = "<group>"; };
		4C26978B22C9EAF800E83643 /* Admin.swift */ = {isa = PBXFileReference; lastKnownFileType = sourcecode.swift; path = Admin.swift; sourceTree = "<group>"; };
		4C26978D22C9EB2B00E83643 /* Riders.swift */ = {isa = PBXFileReference; lastKnownFileType = sourcecode.swift; path = Riders.swift; sourceTree = "<group>"; };
		4C26978F22C9EB3500E83643 /* Drivers.swift */ = {isa = PBXFileReference; lastKnownFileType = sourcecode.swift; path = Drivers.swift; sourceTree = "<group>"; };
		4C26979122C9F30300E83643 /* Routes.swift */ = {isa = PBXFileReference; lastKnownFileType = sourcecode.swift; path = Routes.swift; sourceTree = "<group>"; };
		4C26979322CA066600E83643 /* PostLoginFlow.storyboard */ = {isa = PBXFileReference; lastKnownFileType = file.storyboard; path = PostLoginFlow.storyboard; sourceTree = "<group>"; };
		4C26979522CA087F00E83643 /* UserHomeViewController.swift */ = {isa = PBXFileReference; lastKnownFileType = sourcecode.swift; path = UserHomeViewController.swift; sourceTree = "<group>"; };
		4C27C3AD22CF4E23000753A2 /* GoogleService-Info.plist */ = {isa = PBXFileReference; fileEncoding = 4; lastKnownFileType = text.plist.xml; path = "GoogleService-Info.plist"; sourceTree = "<group>"; };
		4C35F31622C8751A0078460E /* cityTransitSystemiOS.app */ = {isa = PBXFileReference; explicitFileType = wrapper.application; includeInIndex = 0; path = cityTransitSystemiOS.app; sourceTree = BUILT_PRODUCTS_DIR; };
		4C35F31922C8751A0078460E /* AppDelegate.swift */ = {isa = PBXFileReference; lastKnownFileType = sourcecode.swift; path = AppDelegate.swift; sourceTree = "<group>"; };
		4C35F31E22C8751A0078460E /* Base */ = {isa = PBXFileReference; lastKnownFileType = file.storyboard; name = Base; path = Base.lproj/Main.storyboard; sourceTree = "<group>"; };
		4C35F32022C8751B0078460E /* Assets.xcassets */ = {isa = PBXFileReference; lastKnownFileType = folder.assetcatalog; path = Assets.xcassets; sourceTree = "<group>"; };
		4C35F32322C8751B0078460E /* Base */ = {isa = PBXFileReference; lastKnownFileType = file.storyboard; name = Base; path = Base.lproj/LaunchScreen.storyboard; sourceTree = "<group>"; };
		4C35F32522C8751B0078460E /* Info.plist */ = {isa = PBXFileReference; lastKnownFileType = text.plist.xml; path = Info.plist; sourceTree = "<group>"; };
		4C69707122D5BF4D00964A29 /* Extension_GifSwift.swift */ = {isa = PBXFileReference; lastKnownFileType = sourcecode.swift; path = Extension_GifSwift.swift; sourceTree = "<group>"; };
		4C69707322D5C00D00964A29 /* stars.gif */ = {isa = PBXFileReference; lastKnownFileType = image.gif; path = stars.gif; sourceTree = "<group>"; };
		4C69707522D5C11A00964A29 /* strom.gif */ = {isa = PBXFileReference; lastKnownFileType = image.gif; path = strom.gif; sourceTree = "<group>"; };
		4C69707622D5C11A00964A29 /* aurora.gif */ = {isa = PBXFileReference; lastKnownFileType = image.gif; path = aurora.gif; sourceTree = "<group>"; };
		4C69707722D5C11A00964A29 /* spacerocks.gif */ = {isa = PBXFileReference; lastKnownFileType = image.gif; path = spacerocks.gif; sourceTree = "<group>"; };
		4C69707822D5C11A00964A29 /* car.gif */ = {isa = PBXFileReference; lastKnownFileType = image.gif; path = car.gif; sourceTree = "<group>"; };
		4C69707922D5C11B00964A29 /* snowman.gif */ = {isa = PBXFileReference; lastKnownFileType = image.gif; path = snowman.gif; sourceTree = "<group>"; };
		4C69708022D5EC9D00964A29 /* AdminPostLoginFlow.storyboard */ = {isa = PBXFileReference; lastKnownFileType = file.storyboard; path = AdminPostLoginFlow.storyboard; sourceTree = "<group>"; };
		4C69708222D5ECB500964A29 /* AdminHomeViewController.swift */ = {isa = PBXFileReference; lastKnownFileType = sourcecode.swift; path = AdminHomeViewController.swift; sourceTree = "<group>"; };
		4C69708422D6084E00964A29 /* AdminRoutesViewController.swift */ = {isa = PBXFileReference; lastKnownFileType = sourcecode.swift; path = AdminRoutesViewController.swift; sourceTree = "<group>"; };
		4C69708622D6085D00964A29 /* AdminDriversViewController.swift */ = {isa = PBXFileReference; lastKnownFileType = sourcecode.swift; path = AdminDriversViewController.swift; sourceTree = "<group>"; };
		4C69709522D6149D00964A29 /* drivers-29x29@3x.png */ = {isa = PBXFileReference; lastKnownFileType = image.png; path = "drivers-29x29@3x.png"; sourceTree = "<group>"; };
		4C69709722D614E200964A29 /* profile-29x29@3x.png */ = {isa = PBXFileReference; lastKnownFileType = image.png; path = "profile-29x29@3x.png"; sourceTree = "<group>"; };
		4C69709B22D6166200964A29 /* route-29x29@3x.png */ = {isa = PBXFileReference; lastKnownFileType = image.png; path = "route-29x29@3x.png"; sourceTree = "<group>"; };
		88447D7D166B8CD8A878B93B /* Pods-cityTransitSystemiOS.release.xcconfig */ = {isa = PBXFileReference; includeInIndex = 1; lastKnownFileType = text.xcconfig; name = "Pods-cityTransitSystemiOS.release.xcconfig"; path = "Target Support Files/Pods-cityTransitSystemiOS/Pods-cityTransitSystemiOS.release.xcconfig"; sourceTree = "<group>"; };
		B82B28E481095632C4DB2186 /* Pods-cityTransitSystemiOS.debug.xcconfig */ = {isa = PBXFileReference; includeInIndex = 1; lastKnownFileType = text.xcconfig; name = "Pods-cityTransitSystemiOS.debug.xcconfig"; path = "Target Support Files/Pods-cityTransitSystemiOS/Pods-cityTransitSystemiOS.debug.xcconfig"; sourceTree = "<group>"; };
		EE35C8BC0DE389D4A3710C9D /* Pods_cityTransitSystemiOS.framework */ = {isa = PBXFileReference; explicitFileType = wrapper.framework; includeInIndex = 0; path = Pods_cityTransitSystemiOS.framework; sourceTree = BUILT_PRODUCTS_DIR; };
/* End PBXFileReference section */

/* Begin PBXFrameworksBuildPhase section */
		4C35F31322C8751A0078460E /* Frameworks */ = {
			isa = PBXFrameworksBuildPhase;
			buildActionMask = 2147483647;
			files = (
				EC885AB0C7B1A4E41666FB4F /* Pods_cityTransitSystemiOS.framework in Frameworks */,
			);
			runOnlyForDeploymentPostprocessing = 0;
		};
/* End PBXFrameworksBuildPhase section */

/* Begin PBXGroup section */
		316483B6469CC4077488987B /* Frameworks */ = {
			isa = PBXGroup;
			children = (
				EE35C8BC0DE389D4A3710C9D /* Pods_cityTransitSystemiOS.framework */,
			);
			name = Frameworks;
			sourceTree = "<group>";
		};
		4C26977F22C9B62C00E83643 /* Extensions */ = {
			isa = PBXGroup;
			children = (
				4C26978022C9B64A00E83643 /* Extension_String.swift */,
				4C69707122D5BF4D00964A29 /* Extension_GifSwift.swift */,
				4C26978222C9B69500E83643 /* Extension_Float.swift */,
			);
			path = Extensions;
			sourceTree = "<group>";
		};
		4C26978822C9EA7E00E83643 /* Users */ = {
			isa = PBXGroup;
			children = (
				4C26978622C9E8F900E83643 /* UserSingleton.swift */,
				4C26978922C9EAA300E83643 /* Users.swift */,
				4C26978D22C9EB2B00E83643 /* Riders.swift */,
				4C26978F22C9EB3500E83643 /* Drivers.swift */,
				4C26978B22C9EAF800E83643 /* Admin.swift */,
				4C26979122C9F30300E83643 /* Routes.swift */,
			);
			path = Users;
			sourceTree = "<group>";
		};
		4C35F30D22C8751A0078460E = {
			isa = PBXGroup;
			children = (
				4C35F31822C8751A0078460E /* cityTransitSystemiOS */,
				4C35F31722C8751A0078460E /* Products */,
				7B66F21A50E9A0EDDB883158 /* Pods */,
				316483B6469CC4077488987B /* Frameworks */,
			);
			sourceTree = "<group>";
		};
		4C35F31722C8751A0078460E /* Products */ = {
			isa = PBXGroup;
			children = (
				4C35F31622C8751A0078460E /* cityTransitSystemiOS.app */,
			);
			name = Products;
			sourceTree = "<group>";
		};
		4C35F31822C8751A0078460E /* cityTransitSystemiOS */ = {
			isa = PBXGroup;
			children = (
				4C69709022D613B800964A29 /* icons */,
				4C26977F22C9B62C00E83643 /* Extensions */,
				4C35F31922C8751A0078460E /* AppDelegate.swift */,
				4C26977922C99AF300E83643 /* RoutesViewController.swift */,
				4C35F31D22C8751A0078460E /* Main.storyboard */,
				4C26977B22C99C8C00E83643 /* LoginViewController.swift */,
				4C26977D22C99C9700E83643 /* SignUpViewController.swift */,
				4C35F32022C8751B0078460E /* Assets.xcassets */,
				4C26978422C9BF5200E83643 /* AppIcon.xcassets */,
				4C35F32222C8751B0078460E /* LaunchScreen.storyboard */,
				4C27C3AD22CF4E23000753A2 /* GoogleService-Info.plist */,
				4C35F32522C8751B0078460E /* Info.plist */,
				4C69707F22D5C12A00964A29 /* gifs */,
				4C26978822C9EA7E00E83643 /* Users */,
				4C26979322CA066600E83643 /* PostLoginFlow.storyboard */,
				4C26979522CA087F00E83643 /* UserHomeViewController.swift */,
				4C69708022D5EC9D00964A29 /* AdminPostLoginFlow.storyboard */,
				4C69708422D6084E00964A29 /* AdminRoutesViewController.swift */,
				4C69708622D6085D00964A29 /* AdminDriversViewController.swift */,
				4C69708222D5ECB500964A29 /* AdminHomeViewController.swift */,
			);
			path = cityTransitSystemiOS;
			sourceTree = "<group>";
		};
		4C69707F22D5C12A00964A29 /* gifs */ = {
			isa = PBXGroup;
			children = (
				4C69707822D5C11A00964A29 /* car.gif */,
				4C69707922D5C11B00964A29 /* snowman.gif */,
				4C69707722D5C11A00964A29 /* spacerocks.gif */,
				4C69707522D5C11A00964A29 /* strom.gif */,
				4C69707322D5C00D00964A29 /* stars.gif */,
				4C69707622D5C11A00964A29 /* aurora.gif */,
			);
			path = gifs;
			sourceTree = "<group>";
		};
		4C69709022D613B800964A29 /* icons */ = {
			isa = PBXGroup;
			children = (
				4C69709522D6149D00964A29 /* drivers-29x29@3x.png */,
				4C69709722D614E200964A29 /* profile-29x29@3x.png */,
				4C69709B22D6166200964A29 /* route-29x29@3x.png */,
				4C0C7FBD22D696EC00E8DC5C /* card-29x29@3x.png */,
			);
			path = icons;
			sourceTree = "<group>";
		};
		7B66F21A50E9A0EDDB883158 /* Pods */ = {
			isa = PBXGroup;
			children = (
				B82B28E481095632C4DB2186 /* Pods-cityTransitSystemiOS.debug.xcconfig */,
				88447D7D166B8CD8A878B93B /* Pods-cityTransitSystemiOS.release.xcconfig */,
			);
			path = Pods;
			sourceTree = "<group>";
		};
/* End PBXGroup section */

/* Begin PBXNativeTarget section */
		4C35F31522C8751A0078460E /* cityTransitSystemiOS */ = {
			isa = PBXNativeTarget;
			buildConfigurationList = 4C35F32822C8751B0078460E /* Build configuration list for PBXNativeTarget "cityTransitSystemiOS" */;
			buildPhases = (
				55792722B90B72100AF11ABC /* [CP] Check Pods Manifest.lock */,
				4C35F31222C8751A0078460E /* Sources */,
				4C35F31322C8751A0078460E /* Frameworks */,
				4C35F31422C8751A0078460E /* Resources */,
				BD992DBFF35985B6B0AF1C67 /* [CP] Embed Pods Frameworks */,
			);
			buildRules = (
			);
			dependencies = (
			);
			name = cityTransitSystemiOS;
			productName = cityTransitSystemiOS;
			productReference = 4C35F31622C8751A0078460E /* cityTransitSystemiOS.app */;
			productType = "com.apple.product-type.application";
		};
/* End PBXNativeTarget section */

/* Begin PBXProject section */
		4C35F30E22C8751A0078460E /* Project object */ = {
			isa = PBXProject;
			attributes = {
				LastSwiftUpdateCheck = 1020;
				LastUpgradeCheck = 1020;
				ORGANIZATIONNAME = njprasher;
				TargetAttributes = {
					4C35F31522C8751A0078460E = {
						CreatedOnToolsVersion = 10.2.1;
					};
				};
			};
			buildConfigurationList = 4C35F31122C8751A0078460E /* Build configuration list for PBXProject "cityTransitSystemiOS" */;
			compatibilityVersion = "Xcode 9.3";
			developmentRegion = en;
			hasScannedForEncodings = 0;
			knownRegions = (
				en,
				Base,
			);
			mainGroup = 4C35F30D22C8751A0078460E;
			productRefGroup = 4C35F31722C8751A0078460E /* Products */;
			projectDirPath = "";
			projectRoot = "";
			targets = (
				4C35F31522C8751A0078460E /* cityTransitSystemiOS */,
			);
		};
/* End PBXProject section */

/* Begin PBXResourcesBuildPhase section */
		4C35F31422C8751A0078460E /* Resources */ = {
			isa = PBXResourcesBuildPhase;
			buildActionMask = 2147483647;
			files = (
				4C35F32422C8751B0078460E /* LaunchScreen.storyboard in Resources */,
				4C26979422CA066600E83643 /* PostLoginFlow.storyboard in Resources */,
				4C69707E22D5C11B00964A29 /* snowman.gif in Resources */,
				4C69707A22D5C11B00964A29 /* strom.gif in Resources */,
				4C69709622D6149D00964A29 /* drivers-29x29@3x.png in Resources */,
				4C69709822D614E200964A29 /* profile-29x29@3x.png in Resources */,
				4C69707B22D5C11B00964A29 /* aurora.gif in Resources */,
				4C35F32122C8751B0078460E /* Assets.xcassets in Resources */,
				4C26978522C9BF5200E83643 /* AppIcon.xcassets in Resources */,
				4C35F31F22C8751A0078460E /* Main.storyboard in Resources */,
				4C69709C22D6166300964A29 /* route-29x29@3x.png in Resources */,
				4C0C7FBE22D696ED00E8DC5C /* card-29x29@3x.png in Resources */,
				4C27C3AE22CF4E23000753A2 /* GoogleService-Info.plist in Resources */,
				4C69708122D5EC9D00964A29 /* AdminPostLoginFlow.storyboard in Resources */,
				4C69707D22D5C11B00964A29 /* car.gif in Resources */,
				4C69707C22D5C11B00964A29 /* spacerocks.gif in Resources */,
				4C69707422D5C00E00964A29 /* stars.gif in Resources */,
			);
			runOnlyForDeploymentPostprocessing = 0;
		};
/* End PBXResourcesBuildPhase section */

/* Begin PBXShellScriptBuildPhase section */
		55792722B90B72100AF11ABC /* [CP] Check Pods Manifest.lock */ = {
			isa = PBXShellScriptBuildPhase;
			buildActionMask = 2147483647;
			files = (
			);
			inputFileListPaths = (
			);
			inputPaths = (
				"${PODS_PODFILE_DIR_PATH}/Podfile.lock",
				"${PODS_ROOT}/Manifest.lock",
			);
			name = "[CP] Check Pods Manifest.lock";
			outputFileListPaths = (
			);
			outputPaths = (
				"$(DERIVED_FILE_DIR)/Pods-cityTransitSystemiOS-checkManifestLockResult.txt",
			);
			runOnlyForDeploymentPostprocessing = 0;
			shellPath = /bin/sh;
			shellScript = "diff \"${PODS_PODFILE_DIR_PATH}/Podfile.lock\" \"${PODS_ROOT}/Manifest.lock\" > /dev/null\nif [ $? != 0 ] ; then\n    # print error to STDERR\n    echo \"error: The sandbox is not in sync with the Podfile.lock. Run 'pod install' or update your CocoaPods installation.\" >&2\n    exit 1\nfi\n# This output is used by Xcode 'outputs' to avoid re-running this script phase.\necho \"SUCCESS\" > \"${SCRIPT_OUTPUT_FILE_0}\"\n";
			showEnvVarsInLog = 0;
		};
		BD992DBFF35985B6B0AF1C67 /* [CP] Embed Pods Frameworks */ = {
			isa = PBXShellScriptBuildPhase;
			buildActionMask = 2147483647;
			files = (
			);
			inputFileListPaths = (
				"${PODS_ROOT}/Target Support Files/Pods-cityTransitSystemiOS/Pods-cityTransitSystemiOS-frameworks-${CONFIGURATION}-input-files.xcfilelist",
			);
			name = "[CP] Embed Pods Frameworks";
			outputFileListPaths = (
				"${PODS_ROOT}/Target Support Files/Pods-cityTransitSystemiOS/Pods-cityTransitSystemiOS-frameworks-${CONFIGURATION}-output-files.xcfilelist",
			);
			runOnlyForDeploymentPostprocessing = 0;
			shellPath = /bin/sh;
			shellScript = "\"${PODS_ROOT}/Target Support Files/Pods-cityTransitSystemiOS/Pods-cityTransitSystemiOS-frameworks.sh\"\n";
			showEnvVarsInLog = 0;
		};
/* End PBXShellScriptBuildPhase section */

/* Begin PBXSourcesBuildPhase section */
		4C35F31222C8751A0078460E /* Sources */ = {
			isa = PBXSourcesBuildPhase;
			buildActionMask = 2147483647;
			files = (
				4C26978A22C9EAA300E83643 /* Users.swift in Sources */,
				4C26979222C9F30300E83643 /* Routes.swift in Sources */,
				4C26978C22C9EAF800E83643 /* Admin.swift in Sources */,
				4C26978E22C9EB2B00E83643 /* Riders.swift in Sources */,
				4C69708522D6084E00964A29 /* AdminRoutesViewController.swift in Sources */,
				4C69707222D5BF4D00964A29 /* Extension_GifSwift.swift in Sources */,
				4C26978322C9B69500E83643 /* Extension_Float.swift in Sources */,
				4C26977C22C99C8C00E83643 /* LoginViewController.swift in Sources */,
				4C26977A22C99AF300E83643 /* RoutesViewController.swift in Sources */,
				4C26977E22C99C9700E83643 /* SignUpViewController.swift in Sources */,
				4C69708322D5ECB500964A29 /* AdminHomeViewController.swift in Sources */,
				4C26979622CA087F00E83643 /* UserHomeViewController.swift in Sources */,
				4C26978722C9E8F900E83643 /* UserSingleton.swift in Sources */,
				4C35F31A22C8751A0078460E /* AppDelegate.swift in Sources */,
				4C26978122C9B64A00E83643 /* Extension_String.swift in Sources */,
				4C69708722D6085D00964A29 /* AdminDriversViewController.swift in Sources */,
				4C26979022C9EB3500E83643 /* Drivers.swift in Sources */,
			);
			runOnlyForDeploymentPostprocessing = 0;
		};
/* End PBXSourcesBuildPhase section */

/* Begin PBXVariantGroup section */
		4C35F31D22C8751A0078460E /* Main.storyboard */ = {
			isa = PBXVariantGroup;
			children = (
				4C35F31E22C8751A0078460E /* Base */,
			);
			name = Main.storyboard;
			sourceTree = "<group>";
		};
		4C35F32222C8751B0078460E /* LaunchScreen.storyboard */ = {
			isa = PBXVariantGroup;
			children = (
				4C35F32322C8751B0078460E /* Base */,
			);
			name = LaunchScreen.storyboard;
			sourceTree = "<group>";
		};
/* End PBXVariantGroup section */

/* Begin XCBuildConfiguration section */
		4C35F32622C8751B0078460E /* Debug */ = {
			isa = XCBuildConfiguration;
			buildSettings = {
				ALWAYS_SEARCH_USER_PATHS = NO;
				CLANG_ANALYZER_NONNULL = YES;
				CLANG_ANALYZER_NUMBER_OBJECT_CONVERSION = YES_AGGRESSIVE;
				CLANG_CXX_LANGUAGE_STANDARD = "gnu++14";
				CLANG_CXX_LIBRARY = "libc++";
				CLANG_ENABLE_MODULES = YES;
				CLANG_ENABLE_OBJC_ARC = YES;
				CLANG_ENABLE_OBJC_WEAK = YES;
				CLANG_WARN_BLOCK_CAPTURE_AUTORELEASING = YES;
				CLANG_WARN_BOOL_CONVERSION = YES;
				CLANG_WARN_COMMA = YES;
				CLANG_WARN_CONSTANT_CONVERSION = YES;
				CLANG_WARN_DEPRECATED_OBJC_IMPLEMENTATIONS = YES;
				CLANG_WARN_DIRECT_OBJC_ISA_USAGE = YES_ERROR;
				CLANG_WARN_DOCUMENTATION_COMMENTS = YES;
				CLANG_WARN_EMPTY_BODY = YES;
				CLANG_WARN_ENUM_CONVERSION = YES;
				CLANG_WARN_INFINITE_RECURSION = YES;
				CLANG_WARN_INT_CONVERSION = YES;
				CLANG_WARN_NON_LITERAL_NULL_CONVERSION = YES;
				CLANG_WARN_OBJC_IMPLICIT_RETAIN_SELF = YES;
				CLANG_WARN_OBJC_LITERAL_CONVERSION = YES;
				CLANG_WARN_OBJC_ROOT_CLASS = YES_ERROR;
				CLANG_WARN_RANGE_LOOP_ANALYSIS = YES;
				CLANG_WARN_STRICT_PROTOTYPES = YES;
				CLANG_WARN_SUSPICIOUS_MOVE = YES;
				CLANG_WARN_UNGUARDED_AVAILABILITY = YES_AGGRESSIVE;
				CLANG_WARN_UNREACHABLE_CODE = YES;
				CLANG_WARN__DUPLICATE_METHOD_MATCH = YES;
				CODE_SIGN_IDENTITY = "iPhone Developer";
				COPY_PHASE_STRIP = NO;
				DEBUG_INFORMATION_FORMAT = dwarf;
				ENABLE_STRICT_OBJC_MSGSEND = YES;
				ENABLE_TESTABILITY = YES;
				GCC_C_LANGUAGE_STANDARD = gnu11;
				GCC_DYNAMIC_NO_PIC = NO;
				GCC_NO_COMMON_BLOCKS = YES;
				GCC_OPTIMIZATION_LEVEL = 0;
				GCC_PREPROCESSOR_DEFINITIONS = (
					"DEBUG=1",
					"$(inherited)",
				);
				GCC_WARN_64_TO_32_BIT_CONVERSION = YES;
				GCC_WARN_ABOUT_RETURN_TYPE = YES_ERROR;
				GCC_WARN_UNDECLARED_SELECTOR = YES;
				GCC_WARN_UNINITIALIZED_AUTOS = YES_AGGRESSIVE;
				GCC_WARN_UNUSED_FUNCTION = YES;
				GCC_WARN_UNUSED_VARIABLE = YES;
				IPHONEOS_DEPLOYMENT_TARGET = 12.2;
				MTL_ENABLE_DEBUG_INFO = INCLUDE_SOURCE;
				MTL_FAST_MATH = YES;
				ONLY_ACTIVE_ARCH = YES;
				SDKROOT = iphoneos;
				SWIFT_ACTIVE_COMPILATION_CONDITIONS = DEBUG;
				SWIFT_OPTIMIZATION_LEVEL = "-Onone";
			};
			name = Debug;
		};
		4C35F32722C8751B0078460E /* Release */ = {
			isa = XCBuildConfiguration;
			buildSettings = {
				ALWAYS_SEARCH_USER_PATHS = NO;
				CLANG_ANALYZER_NONNULL = YES;
				CLANG_ANALYZER_NUMBER_OBJECT_CONVERSION = YES_AGGRESSIVE;
				CLANG_CXX_LANGUAGE_STANDARD = "gnu++14";
				CLANG_CXX_LIBRARY = "libc++";
				CLANG_ENABLE_MODULES = YES;
				CLANG_ENABLE_OBJC_ARC = YES;
				CLANG_ENABLE_OBJC_WEAK = YES;
				CLANG_WARN_BLOCK_CAPTURE_AUTORELEASING = YES;
				CLANG_WARN_BOOL_CONVERSION = YES;
				CLANG_WARN_COMMA = YES;
				CLANG_WARN_CONSTANT_CONVERSION = YES;
				CLANG_WARN_DEPRECATED_OBJC_IMPLEMENTATIONS = YES;
				CLANG_WARN_DIRECT_OBJC_ISA_USAGE = YES_ERROR;
				CLANG_WARN_DOCUMENTATION_COMMENTS = YES;
				CLANG_WARN_EMPTY_BODY = YES;
				CLANG_WARN_ENUM_CONVERSION = YES;
				CLANG_WARN_INFINITE_RECURSION = YES;
				CLANG_WARN_INT_CONVERSION = YES;
				CLANG_WARN_NON_LITERAL_NULL_CONVERSION = YES;
				CLANG_WARN_OBJC_IMPLICIT_RETAIN_SELF = YES;
				CLANG_WARN_OBJC_LITERAL_CONVERSION = YES;
				CLANG_WARN_OBJC_ROOT_CLASS = YES_ERROR;
				CLANG_WARN_RANGE_LOOP_ANALYSIS = YES;
				CLANG_WARN_STRICT_PROTOTYPES = YES;
				CLANG_WARN_SUSPICIOUS_MOVE = YES;
				CLANG_WARN_UNGUARDED_AVAILABILITY = YES_AGGRESSIVE;
				CLANG_WARN_UNREACHABLE_CODE = YES;
				CLANG_WARN__DUPLICATE_METHOD_MATCH = YES;
				CODE_SIGN_IDENTITY = "iPhone Developer";
				COPY_PHASE_STRIP = NO;
				DEBUG_INFORMATION_FORMAT = "dwarf-with-dsym";
				ENABLE_NS_ASSERTIONS = NO;
				ENABLE_STRICT_OBJC_MSGSEND = YES;
				GCC_C_LANGUAGE_STANDARD = gnu11;
				GCC_NO_COMMON_BLOCKS = YES;
				GCC_WARN_64_TO_32_BIT_CONVERSION = YES;
				GCC_WARN_ABOUT_RETURN_TYPE = YES_ERROR;
				GCC_WARN_UNDECLARED_SELECTOR = YES;
				GCC_WARN_UNINITIALIZED_AUTOS = YES_AGGRESSIVE;
				GCC_WARN_UNUSED_FUNCTION = YES;
				GCC_WARN_UNUSED_VARIABLE = YES;
				IPHONEOS_DEPLOYMENT_TARGET = 12.2;
				MTL_ENABLE_DEBUG_INFO = NO;
				MTL_FAST_MATH = YES;
				SDKROOT = iphoneos;
				SWIFT_COMPILATION_MODE = wholemodule;
				SWIFT_OPTIMIZATION_LEVEL = "-O";
				VALIDATE_PRODUCT = YES;
			};
			name = Release;
		};
		4C35F32922C8751B0078460E /* Debug */ = {
			isa = XCBuildConfiguration;
			baseConfigurationReference = B82B28E481095632C4DB2186 /* Pods-cityTransitSystemiOS.debug.xcconfig */;
			buildSettings = {
				ASSETCATALOG_COMPILER_APPICON_NAME = AppIcon;
				CODE_SIGN_STYLE = Automatic;
				DEVELOPMENT_TEAM = H6K64SU867;
				INFOPLIST_FILE = cityTransitSystemiOS/Info.plist;
				LD_RUNPATH_SEARCH_PATHS = (
					"$(inherited)",
					"@executable_path/Frameworks",
				);
				PRODUCT_BUNDLE_IDENTIFIER = com.njprasher.cityTransitSystemiOS;
				PRODUCT_NAME = "$(TARGET_NAME)";
				SWIFT_VERSION = 5.0;
				TARGETED_DEVICE_FAMILY = "1,2";
			};
			name = Debug;
		};
		4C35F32A22C8751B0078460E /* Release */ = {
			isa = XCBuildConfiguration;
			baseConfigurationReference = 88447D7D166B8CD8A878B93B /* Pods-cityTransitSystemiOS.release.xcconfig */;
			buildSettings = {
				ASSETCATALOG_COMPILER_APPICON_NAME = AppIcon;
				CODE_SIGN_STYLE = Automatic;
				DEVELOPMENT_TEAM = H6K64SU867;
				INFOPLIST_FILE = cityTransitSystemiOS/Info.plist;
				LD_RUNPATH_SEARCH_PATHS = (
					"$(inherited)",
					"@executable_path/Frameworks",
				);
				PRODUCT_BUNDLE_IDENTIFIER = com.njprasher.cityTransitSystemiOS;
				PRODUCT_NAME = "$(TARGET_NAME)";
				SWIFT_VERSION = 5.0;
				TARGETED_DEVICE_FAMILY = "1,2";
			};
			name = Release;
		};
/* End XCBuildConfiguration section */

/* Begin XCConfigurationList section */
		4C35F31122C8751A0078460E /* Build configuration list for PBXProject "cityTransitSystemiOS" */ = {
			isa = XCConfigurationList;
			buildConfigurations = (
				4C35F32622C8751B0078460E /* Debug */,
				4C35F32722C8751B0078460E /* Release */,
			);
			defaultConfigurationIsVisible = 0;
			defaultConfigurationName = Release;
		};
		4C35F32822C8751B0078460E /* Build configuration list for PBXNativeTarget "cityTransitSystemiOS" */ = {
			isa = XCConfigurationList;
			buildConfigurations = (
				4C35F32922C8751B0078460E /* Debug */,
				4C35F32A22C8751B0078460E /* Release */,
			);
			defaultConfigurationIsVisible = 0;
			defaultConfigurationName = Release;
		};
/* End XCConfigurationList section */
	};
	rootObject = 4C35F30E22C8751A0078460E /* Project object */;
}
